
Microsoft Visual Studio Solution File, Format Version 12.00
# Visual Studio 15
VisualStudioVersion = 15.0.28307.421
MinimumVisualStudioVersion = 10.0.40219.1
Project("{8BC9CEB8-8B4A-11D0-8D11-00A0C91BC942}") = "Test", "Test\Test.vcxproj", "{66EF38A4-8780-4AFC-A6F3-F10006831BB2}"
EndProject
Global
	GlobalSection(SolutionConfigurationPlatforms) = preSolution
		Debug|x64 = Debug|x64
		Debug|x86 = Debug|x86
		Release|x64 = Release|x64
		Release|x86 = Release|x86
	EndGlobalSection
	GlobalSection(ProjectConfigurationPlatforms) = postSolution
		{66EF38A4-8780-4AFC-A6F3-F10006831BB2}.Debug|x64.ActiveCfg = Debug|x64
		{66EF38A4-8780-4AFC-A6F3-F10006831BB2}.Debug|x64.Build.0 = Debug|x64
		{66EF38A4-8780-4AFC-A6F3-F10006831BB2}.Debug|x86.ActiveCfg = Debug|Win32
		{66EF38A4-8780-4AFC-A6F3-F10006831BB2}.Debug|x86.Build.0 = Debug|Win32
		{66EF38A4-8780-4AFC-A6F3-F10006831BB2}.Release|x64.ActiveCfg = Release|x64
		{66EF38A4-8780-4AFC-A6F3-F10006831BB2}.Release|x64.Build.0 = Release|x64
		{66EF38A4-8780-4AFC-A6F3-F10006831BB2}.Release|x86.ActiveCfg = Release|Win32
		{66EF38A4-8780-4AFC-A6F3-F10006831BB2}.Release|x86.Build.0 = Release|Win32
	EndGlobalSection
	GlobalSection(SolutionProperties) = preSolution
		HideSolutionNode = FALSE
	EndGlobalSection
	GlobalSection(ExtensibilityGlobals) = postSolution
		SolutionGuid = {CCB4D367-DDA5-4567-A37B-A766FA7B58F2}
	EndGlobalSection
EndGlobal
